{
    "_meta": {
        "hash": {
            "sha256": "330b7f5f1e3dd5b90a0b912240bb607315094b03b1f1cd4d3d0d063ba8f30342"
        },
        "pipfile-spec": 6,
        "requires": {
            "python_version": "3.6"
        },
        "sources": [
            {
                "name": "pypi",
                "url": "https://pypi.org/simple",
                "verify_ssl": true
            }
        ]
    },
    "default": {
        "aea2359": {
            "path": "./django-bootstrap4"
        }
    },
    "develop": {}
}
